version: 6
environments:
  default:
    channels:
    - url: https://conda.anaconda.org/conda-forge/
    packages:
      win-64:
      - conda: https://conda.anaconda.org/conda-forge/win-64/rattler-build-0.33.1-ha8cf89e_0.conda
      - conda: https://conda.anaconda.org/conda-forge/win-64/ucrt-10.0.22621.0-h57928b3_1.conda
      - conda: https://conda.anaconda.org/conda-forge/win-64/vc-14.3-ha32ba9b_23.conda
      - conda: https://conda.anaconda.org/conda-forge/win-64/vc14_runtime-14.42.34433-he29a5d6_23.conda
packages:
- conda: https://conda.anaconda.org/conda-forge/win-64/rattler-build-0.33.1-ha8cf89e_0.conda
  sha256: 1fa0f513b321b9746db9692865fed726968848691dc385cb334a806e1cb9e2e3
  md5: 0e2118e59dfdd2364c4651a11c04e131
  depends:
  - ucrt >=10.0.20348.0
  - vc >=14.3,<15
  - vc14_runtime >=14.42.34433
  arch: x86_64
  platform: win
  license: BSD-3-Clause
  license_family: BSD
  size: 8886994
  timestamp: 1734957175022
- conda: https://conda.anaconda.org/conda-forge/win-64/ucrt-10.0.22621.0-h57928b3_1.conda
  sha256: db8dead3dd30fb1a032737554ce91e2819b43496a0db09927edf01c32b577450
  md5: 6797b005cd0f439c4c5c9ac565783700
  constrains:
  - vs2015_runtime >=14.29.30037
  arch: x86_64
  platform: win
  license: LicenseRef-MicrosoftWindowsSDK10
  size: 559710
  timestamp: 1728377334097
- conda: https://conda.anaconda.org/conda-forge/win-64/vc-14.3-ha32ba9b_23.conda
  sha256: 986ddaf8feec2904eac9535a7ddb7acda1a1dfb9482088fdb8129f1595181663
  md5: 7c10ec3158d1eb4ddff7007c9101adb0
  depends:
  - vc14_runtime >=14.38.33135
  arch: x86_64
  platform: win
  track_features:
  - vc14
  license: BSD-3-Clause
  license_family: BSD
  size: 17479
  timestamp: 1731710827215
- conda: https://conda.anaconda.org/conda-forge/win-64/vc14_runtime-14.42.34433-he29a5d6_23.conda
  sha256: c483b090c4251a260aba6ff3e83a307bcfb5fb24ad7ced872ab5d02971bd3a49
  md5: 32b37d0cfa80da34548501cdc913a832
  depends:
  - ucrt >=10.0.20348.0
  constrains:
  - vs2015_runtime 14.42.34433.* *_23
  arch: x86_64
  platform: win
  license: LicenseRef-MicrosoftVisualCpp2015-2022Runtime
  license_family: Proprietary
  size: 754247
  timestamp: 1731710681163
